// !$*UTF8*$!
{
	archiveVersion = 1;
	classes = {
	};
	objectVersion = 46;
	objects = {

/* Begin PBXBuildFile section */
		8404F82E1980337500D8E4C7 /* Foundation.framework in Frameworks */ = {isa = PBXBuildFile; fileRef = 8404F82D1980337500D8E4C7 /* Foundation.framework */; };
		8404F8301980337500D8E4C7 /* CoreGraphics.framework in Frameworks */ = {isa = PBXBuildFile; fileRef = 8404F82F1980337500D8E4C7 /* CoreGraphics.framework */; };
		8404F8321980337500D8E4C7 /* UIKit.framework in Frameworks */ = {isa = PBXBuildFile; fileRef = 8404F8311980337500D8E4C7 /* UIKit.framework */; };
		8404F8381980337500D8E4C7 /* InfoPlist.strings in Resources */ = {isa = PBXBuildFile; fileRef = 8404F8361980337500D8E4C7 /* InfoPlist.strings */; };
		8404F83A1980337500D8E4C7 /* main.m in Sources */ = {isa = PBXBuildFile; fileRef = 8404F8391980337500D8E4C7 /* main.m */; };
		8404F83E1980337500D8E4C7 /* AppDelegate.m in Sources */ = {isa = PBXBuildFile; fileRef = 8404F83D1980337500D8E4C7 /* AppDelegate.m */; };
		8404F8411980337500D8E4C7 /* Main.storyboard in Resources */ = {isa = PBXBuildFile; fileRef = 8404F83F1980337500D8E4C7 /* Main.storyboard */; };
		8404F8441980337500D8E4C7 /* ViewController.m in Sources */ = {isa = PBXBuildFile; fileRef = 8404F8431980337500D8E4C7 /* ViewController.m */; };
		8404F8461980337500D8E4C7 /* Images.xcassets in Resources */ = {isa = PBXBuildFile; fileRef = 8404F8451980337500D8E4C7 /* Images.xcassets */; };
		8404F84D1980337500D8E4C7 /* XCTest.framework in Frameworks */ = {isa = PBXBuildFile; fileRef = 8404F84C1980337500D8E4C7 /* XCTest.framework */; };
		8404F84E1980337500D8E4C7 /* Foundation.framework in Frameworks */ = {isa = PBXBuildFile; fileRef = 8404F82D1980337500D8E4C7 /* Foundation.framework */; };
		8404F84F1980337500D8E4C7 /* UIKit.framework in Frameworks */ = {isa = PBXBuildFile; fileRef = 8404F8311980337500D8E4C7 /* UIKit.framework */; };
		8404F8571980337500D8E4C7 /* InfoPlist.strings in Resources */ = {isa = PBXBuildFile; fileRef = 8404F8551980337500D8E4C7 /* InfoPlist.strings */; };
		8404F8591980337500D8E4C7 /* MySafariV2Tests.m in Sources */ = {isa = PBXBuildFile; fileRef = 8404F8581980337500D8E4C7 /* MySafariV2Tests.m */; };
		8404F8631980698C00D8E4C7 /* CheckMate.framework in Frameworks */ = {isa = PBXBuildFile; fileRef = 8404F8621980698C00D8E4C7 /* CheckMate.framework */; };
/* End PBXBuildFile section */

/* Begin PBXContainerItemProxy section */
		8404F8501980337500D8E4C7 /* PBXContainerItemProxy */ = {
			isa = PBXContainerItemProxy;
			containerPortal = 8404F8221980337500D8E4C7 /* Project object */;
			proxyType = 1;
			remoteGlobalIDString = 8404F8291980337500D8E4C7;
			remoteInfo = MySafariV2;
		};
/* End PBXContainerItemProxy section */

/* Begin PBXFileReference section */
		8404F82A1980337500D8E4C7 /* MySafariV2.app */ = {isa = PBXFileReference; explicitFileType = wrapper.application; includeInIndex = 0; path = MySafariV2.app; sourceTree = BUILT_PRODUCTS_DIR; };
		8404F82D1980337500D8E4C7 /* Foundation.framework */ = {isa = PBXFileReference; lastKnownFileType = wrapper.framework; name = Foundation.framework; path = System/Library/Frameworks/Foundation.framework; sourceTree = SDKROOT; };
		8404F82F1980337500D8E4C7 /* CoreGraphics.framework */ = {isa = PBXFileReference; lastKnownFileType = wrapper.framework; name = CoreGraphics.framework; path = System/Library/Frameworks/CoreGraphics.framework; sourceTree = SDKROOT; };
		8404F8311980337500D8E4C7 /* UIKit.framework */ = {isa = PBXFileReference; lastKnownFileType = wrapper.framework; name = UIKit.framework; path = System/Library/Frameworks/UIKit.framework; sourceTree = SDKROOT; };
		8404F8351980337500D8E4C7 /* MySafariV2-Info.plist */ = {isa = PBXFileReference; lastKnownFileType = text.plist.xml; path = "MySafariV2-Info.plist"; sourceTree = "<group>"; };
		8404F8371980337500D8E4C7 /* en */ = {isa = PBXFileReference; lastKnownFileType = text.plist.strings; name = en; path = en.lproj/InfoPlist.strings; sourceTree = "<group>"; };
		8404F8391980337500D8E4C7 /* main.m */ = {isa = PBXFileReference; lastKnownFileType = sourcecode.c.objc; path = main.m; sourceTree = "<group>"; };
		8404F83B1980337500D8E4C7 /* MySafariV2-Prefix.pch */ = {isa = PBXFileReference; lastKnownFileType = sourcecode.c.h; path = "MySafariV2-Prefix.pch"; sourceTree = "<group>"; };
		8404F83C1980337500D8E4C7 /* AppDelegate.h */ = {isa = PBXFileReference; lastKnownFileType = sourcecode.c.h; path = AppDelegate.h; sourceTree = "<group>"; };
		8404F83D1980337500D8E4C7 /* AppDelegate.m */ = {isa = PBXFileReference; lastKnownFileType = sourcecode.c.objc; path = AppDelegate.m; sourceTree = "<group>"; };
		8404F8401980337500D8E4C7 /* Base */ = {isa = PBXFileReference; lastKnownFileType = file.storyboard; name = Base; path = Base.lproj/Main.storyboard; sourceTree = "<group>"; };
		8404F8421980337500D8E4C7 /* ViewController.h */ = {isa = PBXFileReference; lastKnownFileType = sourcecode.c.h; path = ViewController.h; sourceTree = "<group>"; };
		8404F8431980337500D8E4C7 /* ViewController.m */ = {isa = PBXFileReference; lastKnownFileType = sourcecode.c.objc; path = ViewController.m; sourceTree = "<group>"; };
		8404F8451980337500D8E4C7 /* Images.xcassets */ = {isa = PBXFileReference; lastKnownFileType = folder.assetcatalog; path = Images.xcassets; sourceTree = "<group>"; };
		8404F84B1980337500D8E4C7 /* MySafariV2Tests.xctest */ = {isa = PBXFileReference; explicitFileType = wrapper.cfbundle; includeInIndex = 0; path = MySafariV2Tests.xctest; sourceTree = BUILT_PRODUCTS_DIR; };
		8404F84C1980337500D8E4C7 /* XCTest.framework */ = {isa = PBXFileReference; lastKnownFileType = wrapper.framework; name = XCTest.framework; path = Library/Frameworks/XCTest.framework; sourceTree = DEVELOPER_DIR; };
		8404F8541980337500D8E4C7 /* MySafariV2Tests-Info.plist */ = {isa = PBXFileReference; lastKnownFileType = text.plist.xml; path = "MySafariV2Tests-Info.plist"; sourceTree = "<group>"; };
		8404F8561980337500D8E4C7 /* en */ = {isa = PBXFileReference; lastKnownFileType = text.plist.strings; name = en; path = en.lproj/InfoPlist.strings; sourceTree = "<group>"; };
		8404F8581980337500D8E4C7 /* MySafariV2Tests.m */ = {isa = PBXFileReference; lastKnownFileType = sourcecode.c.objc; path = MySafariV2Tests.m; sourceTree = "<group>"; };
		8404F8621980698C00D8E4C7 /* CheckMate.framework */ = {isa = PBXFileReference; lastKnownFileType = wrapper.framework; path = CheckMate.framework; sourceTree = "<group>"; };
/* End PBXFileReference section */

/* Begin PBXFrameworksBuildPhase section */
		8404F8271980337500D8E4C7 /* Frameworks */ = {
			isa = PBXFrameworksBuildPhase;
			buildActionMask = 2147483647;
			files = (
				8404F8631980698C00D8E4C7 /* CheckMate.framework in Frameworks */,
				8404F8301980337500D8E4C7 /* CoreGraphics.framework in Frameworks */,
				8404F8321980337500D8E4C7 /* UIKit.framework in Frameworks */,
				8404F82E1980337500D8E4C7 /* Foundation.framework in Frameworks */,
			);
			runOnlyForDeploymentPostprocessing = 0;
		};
		8404F8481980337500D8E4C7 /* Frameworks */ = {
			isa = PBXFrameworksBuildPhase;
			buildActionMask = 2147483647;
			files = (
				8404F84D1980337500D8E4C7 /* XCTest.framework in Frameworks */,
				8404F84F1980337500D8E4C7 /* UIKit.framework in Frameworks */,
				8404F84E1980337500D8E4C7 /* Foundation.framework in Frameworks */,
			);
			runOnlyForDeploymentPostprocessing = 0;
		};
/* End PBXFrameworksBuildPhase section */

/* Begin PBXGroup section */
		8404F8211980337500D8E4C7 = {
			isa = PBXGroup;
			children = (
				8404F8331980337500D8E4C7 /* MySafariV2 */,
				8404F8521980337500D8E4C7 /* MySafariV2Tests */,
				8404F82C1980337500D8E4C7 /* Frameworks */,
				8404F82B1980337500D8E4C7 /* Products */,
			);
			sourceTree = "<group>";
		};
		8404F82B1980337500D8E4C7 /* Products */ = {
			isa = PBXGroup;
			children = (
				8404F82A1980337500D8E4C7 /* MySafariV2.app */,
				8404F84B1980337500D8E4C7 /* MySafariV2Tests.xctest */,
			);
			name = Products;
			sourceTree = "<group>";
		};
		8404F82C1980337500D8E4C7 /* Frameworks */ = {
			isa = PBXGroup;
			children = (
				8404F8621980698C00D8E4C7 /* CheckMate.framework */,
				8404F82D1980337500D8E4C7 /* Foundation.framework */,
				8404F82F1980337500D8E4C7 /* CoreGraphics.framework */,
				8404F8311980337500D8E4C7 /* UIKit.framework */,
				8404F84C1980337500D8E4C7 /* XCTest.framework */,
			);
			name = Frameworks;
			sourceTree = "<group>";
		};
		8404F8331980337500D8E4C7 /* MySafariV2 */ = {
			isa = PBXGroup;
			children = (
				8404F83C1980337500D8E4C7 /* AppDelegate.h */,
				8404F83D1980337500D8E4C7 /* AppDelegate.m */,
				8404F83F1980337500D8E4C7 /* Main.storyboard */,
				8404F8421980337500D8E4C7 /* ViewController.h */,
				8404F8431980337500D8E4C7 /* ViewController.m */,
				8404F8451980337500D8E4C7 /* Images.xcassets */,
				8404F8341980337500D8E4C7 /* Supporting Files */,
			);
			path = MySafariV2;
			sourceTree = "<group>";
		};
		8404F8341980337500D8E4C7 /* Supporting Files */ = {
			isa = PBXGroup;
			children = (
				8404F8351980337500D8E4C7 /* MySafariV2-Info.plist */,
				8404F8361980337500D8E4C7 /* InfoPlist.strings */,
				8404F8391980337500D8E4C7 /* main.m */,
				8404F83B1980337500D8E4C7 /* MySafariV2-Prefix.pch */,
			);
			name = "Supporting Files";
			sourceTree = "<group>";
		};
		8404F8521980337500D8E4C7 /* MySafariV2Tests */ = {
			isa = PBXGroup;
			children = (
				8404F8581980337500D8E4C7 /* MySafariV2Tests.m */,
				8404F8531980337500D8E4C7 /* Supporting Files */,
			);
			path = MySafariV2Tests;
			sourceTree = "<group>";
		};
		8404F8531980337500D8E4C7 /* Supporting Files */ = {
			isa = PBXGroup;
			children = (
				8404F8541980337500D8E4C7 /* MySafariV2Tests-Info.plist */,
				8404F8551980337500D8E4C7 /* InfoPlist.strings */,
			);
			name = "Supporting Files";
			sourceTree = "<group>";
		};
/* End PBXGroup section */

/* Begin PBXNativeTarget section */
		8404F8291980337500D8E4C7 /* MySafariV2 */ = {
			isa = PBXNativeTarget;
			buildConfigurationList = 8404F85C1980337500D8E4C7 /* Build configuration list for PBXNativeTarget "MySafariV2" */;
			buildPhases = (
				8404F8261980337500D8E4C7 /* Sources */,
				8404F8271980337500D8E4C7 /* Frameworks */,
				8404F8281980337500D8E4C7 /* Resources */,
			);
			buildRules = (
			);
			dependencies = (
			);
			name = MySafariV2;
			productName = MySafariV2;
			productReference = 8404F82A1980337500D8E4C7 /* MySafariV2.app */;
			productType = "com.apple.product-type.application";
		};
		8404F84A1980337500D8E4C7 /* MySafariV2Tests */ = {
			isa = PBXNativeTarget;
			buildConfigurationList = 8404F85F1980337500D8E4C7 /* Build configuration list for PBXNativeTarget "MySafariV2Tests" */;
			buildPhases = (
				8404F8471980337500D8E4C7 /* Sources */,
				8404F8481980337500D8E4C7 /* Frameworks */,
				8404F8491980337500D8E4C7 /* Resources */,
			);
			buildRules = (
			);
			dependencies = (
				8404F8511980337500D8E4C7 /* PBXTargetDependency */,
			);
			name = MySafariV2Tests;
			productName = MySafariV2Tests;
			productReference = 8404F84B1980337500D8E4C7 /* MySafariV2Tests.xctest */;
			productType = "com.apple.product-type.bundle.unit-test";
		};
/* End PBXNativeTarget section */

/* Begin PBXProject section */
		8404F8221980337500D8E4C7 /* Project object */ = {
			isa = PBXProject;
			attributes = {
				LastUpgradeCheck = 0510;
				ORGANIZATIONNAME = Ren;
				TargetAttributes = {
					8404F84A1980337500D8E4C7 = {
						TestTargetID = 8404F8291980337500D8E4C7;
					};
				};
			};
			buildConfigurationList = 8404F8251980337500D8E4C7 /* Build configuration list for PBXProject "MySafariV2" */;
			compatibilityVersion = "Xcode 3.2";
			developmentRegion = English;
			hasScannedForEncodings = 0;
			knownRegions = (
				en,
				Base,
			);
			mainGroup = 8404F8211980337500D8E4C7;
			productRefGroup = 8404F82B1980337500D8E4C7 /* Products */;
			projectDirPath = "";
			projectRoot = "";
			targets = (
				8404F8291980337500D8E4C7 /* MySafariV2 */,
				8404F84A1980337500D8E4C7 /* MySafariV2Tests */,
			);
		};
/* End PBXProject section */

/* Begin PBXResourcesBuildPhase section */
		8404F8281980337500D8E4C7 /* Resources */ = {
			isa = PBXResourcesBuildPhase;
			buildActionMask = 2147483647;
			files = (
				8404F8461980337500D8E4C7 /* Images.xcassets in Resources */,
				8404F8381980337500D8E4C7 /* InfoPlist.strings in Resources */,
				8404F8411980337500D8E4C7 /* Main.storyboard in Resources */,
			);
			runOnlyForDeploymentPostprocessing = 0;
		};
		8404F8491980337500D8E4C7 /* Resources */ = {
			isa = PBXResourcesBuildPhase;
			buildActionMask = 2147483647;
			files = (
				8404F8571980337500D8E4C7 /* InfoPlist.strings in Resources */,
			);
			runOnlyForDeploymentPostprocessing = 0;
		};
/* End PBXResourcesBuildPhase section */

/* Begin PBXSourcesBuildPhase section */
		8404F8261980337500D8E4C7 /* Sources */ = {
			isa = PBXSourcesBuildPhase;
			buildActionMask = 2147483647;
			files = (
				8404F8441980337500D8E4C7 /* ViewController.m in Sources */,
				8404F83E1980337500D8E4C7 /* AppDelegate.m in Sources */,
				8404F83A1980337500D8E4C7 /* main.m in Sources */,
			);
			runOnlyForDeploymentPostprocessing = 0;
		};
		8404F8471980337500D8E4C7 /* Sources */ = {
			isa = PBXSourcesBuildPhase;
			buildActionMask = 2147483647;
			files = (
				8404F8591980337500D8E4C7 /* MySafariV2Tests.m in Sources */,
			);
			runOnlyForDeploymentPostprocessing = 0;
		};
/* End PBXSourcesBuildPhase section */

/* Begin PBXTargetDependency section */
		8404F8511980337500D8E4C7 /* PBXTargetDependency */ = {
			isa = PBXTargetDependency;
			target = 8404F8291980337500D8E4C7 /* MySafariV2 */;
			targetProxy = 8404F8501980337500D8E4C7 /* PBXContainerItemProxy */;
		};
/* End PBXTargetDependency section */

/* Begin PBXVariantGroup section */
		8404F8361980337500D8E4C7 /* InfoPlist.strings */ = {
			isa = PBXVariantGroup;
			children = (
				8404F8371980337500D8E4C7 /* en */,
			);
			name = InfoPlist.strings;
			sourceTree = "<group>";
		};
		8404F83F1980337500D8E4C7 /* Main.storyboard */ = {
			isa = PBXVariantGroup;
			children = (
				8404F8401980337500D8E4C7 /* Base */,
			);
			name = Main.storyboard;
			sourceTree = "<group>";
		};
		8404F8551980337500D8E4C7 /* InfoPlist.strings */ = {
			isa = PBXVariantGroup;
			children = (
				8404F8561980337500D8E4C7 /* en */,
			);
			name = InfoPlist.strings;
			sourceTree = "<group>";
		};
/* End PBXVariantGroup section */

/* Begin XCBuildConfiguration section */
		8404F85A1980337500D8E4C7 /* Debug */ = {
			isa = XCBuildConfiguration;
			buildSettings = {
				ALWAYS_SEARCH_USER_PATHS = NO;
				CLANG_CXX_LANGUAGE_STANDARD = "gnu++0x";
				CLANG_CXX_LIBRARY = "libc++";
				CLANG_ENABLE_MODULES = YES;
				CLANG_ENABLE_OBJC_ARC = YES;
				CLANG_WARN_BOOL_CONVERSION = YES;
				CLANG_WARN_CONSTANT_CONVERSION = YES;
				CLANG_WARN_DIRECT_OBJC_ISA_USAGE = YES_ERROR;
				CLANG_WARN_EMPTY_BODY = YES;
				CLANG_WARN_ENUM_CONVERSION = YES;
				CLANG_WARN_INT_CONVERSION = YES;
				CLANG_WARN_OBJC_ROOT_CLASS = YES_ERROR;
				CLANG_WARN__DUPLICATE_METHOD_MATCH = YES;
				"CODE_SIGN_IDENTITY[sdk=iphoneos*]" = "iPhone Developer";
				COPY_PHASE_STRIP = NO;
				GCC_C_LANGUAGE_STANDARD = gnu99;
				GCC_DYNAMIC_NO_PIC = NO;
				GCC_OPTIMIZATION_LEVEL = 0;
				GCC_PREPROCESSOR_DEFINITIONS = (
					"DEBUG=1",
					"$(inherited)",
				);
				GCC_SYMBOLS_PRIVATE_EXTERN = NO;
				GCC_WARN_64_TO_32_BIT_CONVERSION = YES;
				GCC_WARN_ABOUT_RETURN_TYPE = YES_ERROR;
				GCC_WARN_UNDECLARED_SELECTOR = YES;
				GCC_WARN_UNINITIALIZED_AUTOS = YES_AGGRESSIVE;
				GCC_WARN_UNUSED_FUNCTION = YES;
				GCC_WARN_UNUSED_VARIABLE = YES;
				IPHONEOS_DEPLOYMENT_TARGET = 7.1;
				ONLY_ACTIVE_ARCH = YES;
				SDKROOT = iphoneos;
			};
			name = Debug;
		};
		8404F85B1980337500D8E4C7 /* Release */ = {
			isa = XCBuildConfiguration;
			buildSettings = {
				ALWAYS_SEARCH_USER_PATHS = NO;
				CLANG_CXX_LANGUAGE_STANDARD = "gnu++0x";
				CLANG_CXX_LIBRARY = "libc++";
				CLANG_ENABLE_MODULES = YES;
				CLANG_ENABLE_OBJC_ARC = YES;
				CLANG_WARN_BOOL_CONVERSION = YES;
				CLANG_WARN_CONSTANT_CONVERSION = YES;
				CLANG_WARN_DIRECT_OBJC_ISA_USAGE = YES_ERROR;
				CLANG_WARN_EMPTY_BODY = YES;
				CLANG_WARN_ENUM_CONVERSION = YES;
				CLANG_WARN_INT_CONVERSION = YES;
				CLANG_WARN_OBJC_ROOT_CLASS = YES_ERROR;
				CLANG_WARN__DUPLICATE_METHOD_MATCH = YES;
				"CODE_SIGN_IDENTITY[sdk=iphoneos*]" = "iPhone Developer";
				COPY_PHASE_STRIP = YES;
				ENABLE_NS_ASSERTIONS = NO;
				GCC_C_LANGUAGE_STANDARD = gnu99;
				GCC_WARN_64_TO_32_BIT_CONVERSION = YES;
				GCC_WARN_ABOUT_RETURN_TYPE = YES_ERROR;
				GCC_WARN_UNDECLARED_SELECTOR = YES;
				GCC_WARN_UNINITIALIZED_AUTOS = YES_AGGRESSIVE;
				GCC_WARN_UNUSED_FUNCTION = YES;
				GCC_WARN_UNUSED_VARIABLE = YES;
				IPHONEOS_DEPLOYMENT_TARGET = 7.1;
				SDKROOT = iphoneos;
				VALIDATE_PRODUCT = YES;
			};
			name = Release;
		};
		8404F85D1980337500D8E4C7 /* Debug */ = {
			isa = XCBuildConfiguration;
			buildSettings = {
				ASSETCATALOG_COMPILER_APPICON_NAME = AppIcon;
				ASSETCATALOG_COMPILER_LAUNCHIMAGE_NAME = LaunchImage;
				FRAMEWORK_SEARCH_PATHS = (
					"$(inherited)",
					"$(PROJECT_DIR)",
				);
				GCC_PRECOMPILE_PREFIX_HEADER = YES;
				GCC_PREFIX_HEADER = "MySafariV2/MySafariV2-Prefix.pch";
				INFOPLIST_FILE = "MySafariV2/MySafariV2-Info.plist";
				PRODUCT_NAME = "$(TARGET_NAME)";
				WRAPPER_EXTENSION = app;
			};
			name = Debug;
		};
		8404F85E1980337500D8E4C7 /* Release */ = {
			isa = XCBuildConfiguration;
			buildSettings = {
				ASSETCATALOG_COMPILER_APPICON_NAME = AppIcon;
				ASSETCATALOG_COMPILER_LAUNCHIMAGE_NAME = LaunchImage;
				FRAMEWORK_SEARCH_PATHS = (
					"$(inherited)",
					"$(PROJECT_DIR)",
				);
				GCC_PRECOMPILE_PREFIX_HEADER = YES;
				GCC_PREFIX_HEADER = "MySafariV2/MySafariV2-Prefix.pch";
				INFOPLIST_FILE = "MySafariV2/MySafariV2-Info.plist";
				PRODUCT_NAME = "$(TARGET_NAME)";
				WRAPPER_EXTENSION = app;
			};
			name = Release;
		};
		8404F8601980337500D8E4C7 /* Debug */ = {
			isa = XCBuildConfiguration;
			buildSettings = {
				BUNDLE_LOADER = "$(BUILT_PRODUCTS_DIR)/MySafariV2.app/MySafariV2";
				FRAMEWORK_SEARCH_PATHS = (
					"$(SDKROOT)/Developer/Library/Frameworks",
					"$(inherited)",
					"$(DEVELOPER_FRAMEWORKS_DIR)",
				);
				GCC_PRECOMPILE_PREFIX_HEADER = YES;
				GCC_PREFIX_HEADER = "MySafariV2/MySafariV2-Prefix.pch";
				GCC_PREPROCESSOR_DEFINITIONS = (
					"DEBUG=1",
					"$(inherited)",
				);
				INFOPLIST_FILE = "MySafariV2Tests/MySafariV2Tests-Info.plist";
				PRODUCT_NAME = "$(TARGET_NAME)";
				TEST_HOST = "$(BUNDLE_LOADER)";
				WRAPPER_EXTENSION = xctest;
			};
			name = Debug;
		};
		8404F8611980337500D8E4C7 /* Release */ = {
			isa = XCBuildConfiguration;
			buildSettings = {
				BUNDLE_LOADER = "$(BUILT_PRODUCTS_DIR)/MySafariV2.app/MySafariV2";
				FRAMEWORK_SEARCH_PATHS = (
					"$(SDKROOT)/Developer/Library/Frameworks",
					"$(inherited)",
					"$(DEVELOPER_FRAMEWORKS_DIR)",
				);
				GCC_PRECOMPILE_PREFIX_HEADER = YES;
				GCC_PREFIX_HEADER = "MySafariV2/MySafariV2-Prefix.pch";
				INFOPLIST_FILE = "MySafariV2Tests/MySafariV2Tests-Info.plist";
				PRODUCT_NAME = "$(TARGET_NAME)";
				TEST_HOST = "$(BUNDLE_LOADER)";
				WRAPPER_EXTENSION = xctest;
			};
			name = Release;
		};
/* End XCBuildConfiguration section */

/* Begin XCConfigurationList section */
		8404F8251980337500D8E4C7 /* Build configuration list for PBXProject "MySafariV2" */ = {
			isa = XCConfigurationList;
			buildConfigurations = (
				8404F85A1980337500D8E4C7 /* Debug */,
				8404F85B1980337500D8E4C7 /* Release */,
			);
			defaultConfigurationIsVisible = 0;
			defaultConfigurationName = Release;
		};
		8404F85C1980337500D8E4C7 /* Build configuration list for PBXNativeTarget "MySafariV2" */ = {
			isa = XCConfigurationList;
			buildConfigurations = (
				8404F85D1980337500D8E4C7 /* Debug */,
				8404F85E1980337500D8E4C7 /* Release */,
			);
			defaultConfigurationIsVisible = 0;
		};
		8404F85F1980337500D8E4C7 /* Build configuration list for PBXNativeTarget "MySafariV2Tests" */ = {
			isa = XCConfigurationList;
			buildConfigurations = (
				8404F8601980337500D8E4C7 /* Debug */,
				8404F8611980337500D8E4C7 /* Release */,
			);
			defaultConfigurationIsVisible = 0;
		};
/* End XCConfigurationList section */
	};
	rootObject = 8404F8221980337500D8E4C7 /* Project object */;
}
